
Microsoft Visual Studio Solution File, Format Version 12.00
# Visual Studio Version 16
VisualStudioVersion = 16.0.30011.22
MinimumVisualStudioVersion = 10.0.40219.1
Project("{FAE04EC0-301F-11D3-BF4B-00C04F79EFBC}") = "iljin", "iljin.csproj", "{6D8FB798-001C-48AC-8A8E-E28AB2503CBE}"
EndProject
Project("{FAE04EC0-301F-11D3-BF4B-00C04F79EFBC}") = "MysqlLib", "..\MysqlLib\MysqlLib.csproj", "{92CADB8D-8CC3-4BCA-8834-A93DB349D255}"
EndProject
Project("{FAE04EC0-301F-11D3-BF4B-00C04F79EFBC}") = "AppConfiguration", "..\AppConfiguration\AppConfiguration.csproj", "{BEB1CF96-15E5-4CDE-BC9C-571A606697AD}"
EndProject
Project("{FAE04EC0-301F-11D3-BF4B-00C04F79EFBC}") = "PublicLibsManagement", "..\PublicLibsManagement\PublicLibsManagement.csproj", "{B7795111-42D8-4105-BE2D-A4A22D868774}"
EndProject
Project("{FAE04EC0-301F-11D3-BF4B-00C04F79EFBC}") = "les", "..\les\les.csproj", "{A96EBF79-E42C-48D0-9242-07F4AE8B69EB}"
EndProject
Global
	GlobalSection(SolutionConfigurationPlatforms) = preSolution
		Debug|Any CPU = Debug|Any CPU
		Release|Any CPU = Release|Any CPU
	EndGlobalSection
	GlobalSection(ProjectConfigurationPlatforms) = postSolution
		{6D8FB798-001C-48AC-8A8E-E28AB2503CBE}.Debug|Any CPU.ActiveCfg = Debug|Any CPU
		{6D8FB798-001C-48AC-8A8E-E28AB2503CBE}.Debug|Any CPU.Build.0 = Debug|Any CPU
		{6D8FB798-001C-48AC-8A8E-E28AB2503CBE}.Release|Any CPU.ActiveCfg = Release|Any CPU
		{6D8FB798-001C-48AC-8A8E-E28AB2503CBE}.Release|Any CPU.Build.0 = Release|Any CPU
		{92CADB8D-8CC3-4BCA-8834-A93DB349D255}.Debug|Any CPU.ActiveCfg = Debug|Any CPU
		{92CADB8D-8CC3-4BCA-8834-A93DB349D255}.Debug|Any CPU.Build.0 = Debug|Any CPU
		{92CADB8D-8CC3-4BCA-8834-A93DB349D255}.Release|Any CPU.ActiveCfg = Release|Any CPU
		{92CADB8D-8CC3-4BCA-8834-A93DB349D255}.Release|Any CPU.Build.0 = Release|Any CPU
		{BEB1CF96-15E5-4CDE-BC9C-571A606697AD}.Debug|Any CPU.ActiveCfg = Debug|Any CPU
		{BEB1CF96-15E5-4CDE-BC9C-571A606697AD}.Debug|Any CPU.Build.0 = Debug|Any CPU
		{BEB1CF96-15E5-4CDE-BC9C-571A606697AD}.Release|Any CPU.ActiveCfg = Release|Any CPU
		{BEB1CF96-15E5-4CDE-BC9C-571A606697AD}.Release|Any CPU.Build.0 = Release|Any CPU
		{B7795111-42D8-4105-BE2D-A4A22D868774}.Debug|Any CPU.ActiveCfg = Debug|Any CPU
		{B7795111-42D8-4105-BE2D-A4A22D868774}.Debug|Any CPU.Build.0 = Debug|Any CPU
		{B7795111-42D8-4105-BE2D-A4A22D868774}.Release|Any CPU.ActiveCfg = Release|Any CPU
		{B7795111-42D8-4105-BE2D-A4A22D868774}.Release|Any CPU.Build.0 = Release|Any CPU
		{A96EBF79-E42C-48D0-9242-07F4AE8B69EB}.Debug|Any CPU.ActiveCfg = Debug|Any CPU
		{A96EBF79-E42C-48D0-9242-07F4AE8B69EB}.Debug|Any CPU.Build.0 = Debug|Any CPU
		{A96EBF79-E42C-48D0-9242-07F4AE8B69EB}.Release|Any CPU.ActiveCfg = Release|Any CPU
		{A96EBF79-E42C-48D0-9242-07F4AE8B69EB}.Release|Any CPU.Build.0 = Release|Any CPU
	EndGlobalSection
	GlobalSection(SolutionProperties) = preSolution
		HideSolutionNode = FALSE
	EndGlobalSection
	GlobalSection(ExtensibilityGlobals) = postSolution
		SolutionGuid = {F2B7B38E-BCEE-411D-AE8A-12222296CD24}
	EndGlobalSection
EndGlobal
